
Microsoft Visual Studio Solution File, Format Version 12.00
# Visual Studio Version 17
VisualStudioVersion = 17.3.32929.385
MinimumVisualStudioVersion = 10.0.40219.1
Project("{9A19103F-16F7-4668-BE54-9A1E7A4F7556}") = "TranslateForDesktop", "TranslateForDesktop\TranslateForDesktop.csproj", "{C358F7A1-FC2F-497B-A5C1-B3293562C6D8}"
EndProject
Project("{9A19103F-16F7-4668-BE54-9A1E7A4F7556}") = "GoogleApi", "GoogleApi\GoogleApi\GoogleApi.csproj", "{C93EE2B6-97B7-418F-9C40-C11BA67B0814}"
EndProject
Global
	GlobalSection(SolutionConfigurationPlatforms) = preSolution
		Debug|Any CPU = Debug|Any CPU
		Release|Any CPU = Release|Any CPU
	EndGlobalSection
	GlobalSection(ProjectConfigurationPlatforms) = postSolution
		{C358F7A1-FC2F-497B-A5C1-B3293562C6D8}.Debug|Any CPU.ActiveCfg = Debug|Any CPU
		{C358F7A1-FC2F-497B-A5C1-B3293562C6D8}.Debug|Any CPU.Build.0 = Debug|Any CPU
		{C358F7A1-FC2F-497B-A5C1-B3293562C6D8}.Release|Any CPU.ActiveCfg = Release|Any CPU
		{C358F7A1-FC2F-497B-A5C1-B3293562C6D8}.Release|Any CPU.Build.0 = Release|Any CPU
		{C93EE2B6-97B7-418F-9C40-C11BA67B0814}.Debug|Any CPU.ActiveCfg = Debug|Any CPU
		{C93EE2B6-97B7-418F-9C40-C11BA67B0814}.Debug|Any CPU.Build.0 = Debug|Any CPU
		{C93EE2B6-97B7-418F-9C40-C11BA67B0814}.Release|Any CPU.ActiveCfg = Release|Any CPU
		{C93EE2B6-97B7-418F-9C40-C11BA67B0814}.Release|Any CPU.Build.0 = Release|Any CPU
	EndGlobalSection
	GlobalSection(SolutionProperties) = preSolution
		HideSolutionNode = FALSE
	EndGlobalSection
	GlobalSection(ExtensibilityGlobals) = postSolution
		SolutionGuid = {C64A6536-9598-40C7-B5D4-09C55722AEAB}
	EndGlobalSection
EndGlobal
